
Microsoft Visual Studio Solution File, Format Version 12.00
Project("{FAE04EC0-301F-11D3-BF4B-00C04F79EFBC}") = "IW4.FastFiles", "src\IW4.FastFiles\IW4.FastFiles.csproj", "{96005998-5639-42F1-B41F-B2036D87A132}"
EndProject
Project("{FAE04EC0-301F-11D3-BF4B-00C04F79EFBC}") = "IW4.Assets", "src\IW4.Assets\IW4.Assets.csproj", "{205630C7-8602-4741-8D0F-283D9CB8F934}"
EndProject
Project("{FAE04EC0-301F-11D3-BF4B-00C04F79EFBC}") = "IW4.Runtime", "src\IW4.Runtime\IW4.Runtime.csproj", "{8EA6A963-BEC5-460A-9F0F-11858596A77D}"
EndProject
Project("{FAE04EC0-301F-11D3-BF4B-00C04F79EFBC}") = "IW4.FastFiles.Streaming", "src\IW4.FastFiles.Streaming\IW4.FastFiles.Streaming.csproj", "{840D71AB-F7F2-48E0-ACBF-FB6418AF0416}"
EndProject
Project("{FAE04EC0-301F-11D3-BF4B-00C04F79EFBC}") = "IW4.FastFiles.Loaders", "src\IW4.FastFiles.Loaders\IW4.FastFiles.Loaders.csproj", "{9D7796C9-C1F5-4264-A167-2B7D72D0CCAF}"
EndProject
Project("{FAE04EC0-301F-11D3-BF4B-00C04F79EFBC}") = "IW4.Render", "src\IW4.Render\IW4.Render.csproj", "{7FA02D78-B46E-4D62-B715-F49B637FEA7B}"
EndProject
Project("{FAE04EC0-301F-11D3-BF4B-00C04F79EFBC}") = "IW4.Render.OpenGl", "src\IW4.Render.OpenGl\IW4.Render.OpenGl.csproj", "{D29ECFB9-03FA-4446-BFD5-A48D911F4CE4}"
EndProject
Project("{FAE04EC0-301F-11D3-BF4B-00C04F79EFBC}") = "IW4.Studio", "src\IW4.Studio\IW4.Studio.csproj", "{41127E6E-AC20-4B7E-964E-B4FAB380BBE3}"
EndProject
Project("{2150E333-8FDC-42A3-9474-1A3956D46DE8}") = "Tests", "Tests", "{FCDD3239-F358-4994-865E-BC1974E865CF}"
EndProject
Project("{FAE04EC0-301F-11D3-BF4B-00C04F79EFBC}") = "IW4.Studio.Tests", "tests\IW4.Studio.Tests\IW4.Studio.Tests.csproj", "{9E13A04E-38C2-475C-8543-017C61195C1B}"
EndProject
Project("{FAE04EC0-301F-11D3-BF4B-00C04F79EFBC}") = "IW4.Gsc", "src\IW4.Gsc\IW4.Gsc.csproj", "{40E491DC-9F14-4DE5-9C7A-0F59F64FF8D3}"
EndProject
Project("{FAE04EC0-301F-11D3-BF4B-00C04F79EFBC}") = "IW4.Linker", "src\IW4.Linker\IW4.Linker.csproj", "{31A460EC-ECF3-4271-A0B7-A10F03FEEA40}"
EndProject
Project("{FAE04EC0-301F-11D3-BF4B-00C04F79EFBC}") = "IW4.Studio.Desktop", "src\IW4.Studio.Desktop\IW4.Studio.Desktop.csproj", "{CC835191-D4B1-4698-8E49-7D285F7E0889}"
EndProject
Global
	GlobalSection(SolutionConfigurationPlatforms) = preSolution
		Debug|Any CPU = Debug|Any CPU
		Release|Any CPU = Release|Any CPU
	EndGlobalSection
	GlobalSection(ProjectConfigurationPlatforms) = postSolution
		{96005998-5639-42F1-B41F-B2036D87A132}.Debug|Any CPU.ActiveCfg = Debug|Any CPU
		{96005998-5639-42F1-B41F-B2036D87A132}.Debug|Any CPU.Build.0 = Debug|Any CPU
		{96005998-5639-42F1-B41F-B2036D87A132}.Release|Any CPU.ActiveCfg = Release|Any CPU
		{96005998-5639-42F1-B41F-B2036D87A132}.Release|Any CPU.Build.0 = Release|Any CPU
		{205630C7-8602-4741-8D0F-283D9CB8F934}.Debug|Any CPU.ActiveCfg = Debug|Any CPU
		{205630C7-8602-4741-8D0F-283D9CB8F934}.Debug|Any CPU.Build.0 = Debug|Any CPU
		{205630C7-8602-4741-8D0F-283D9CB8F934}.Release|Any CPU.ActiveCfg = Release|Any CPU
		{205630C7-8602-4741-8D0F-283D9CB8F934}.Release|Any CPU.Build.0 = Release|Any CPU
		{8EA6A963-BEC5-460A-9F0F-11858596A77D}.Debug|Any CPU.ActiveCfg = Debug|Any CPU
		{8EA6A963-BEC5-460A-9F0F-11858596A77D}.Debug|Any CPU.Build.0 = Debug|Any CPU
		{8EA6A963-BEC5-460A-9F0F-11858596A77D}.Release|Any CPU.ActiveCfg = Release|Any CPU
		{8EA6A963-BEC5-460A-9F0F-11858596A77D}.Release|Any CPU.Build.0 = Release|Any CPU
		{840D71AB-F7F2-48E0-ACBF-FB6418AF0416}.Debug|Any CPU.ActiveCfg = Debug|Any CPU
		{840D71AB-F7F2-48E0-ACBF-FB6418AF0416}.Debug|Any CPU.Build.0 = Debug|Any CPU
		{840D71AB-F7F2-48E0-ACBF-FB6418AF0416}.Release|Any CPU.ActiveCfg = Release|Any CPU
		{840D71AB-F7F2-48E0-ACBF-FB6418AF0416}.Release|Any CPU.Build.0 = Release|Any CPU
		{9D7796C9-C1F5-4264-A167-2B7D72D0CCAF}.Debug|Any CPU.ActiveCfg = Debug|Any CPU
		{9D7796C9-C1F5-4264-A167-2B7D72D0CCAF}.Debug|Any CPU.Build.0 = Debug|Any CPU
		{9D7796C9-C1F5-4264-A167-2B7D72D0CCAF}.Release|Any CPU.ActiveCfg = Release|Any CPU
		{9D7796C9-C1F5-4264-A167-2B7D72D0CCAF}.Release|Any CPU.Build.0 = Release|Any CPU
		{7FA02D78-B46E-4D62-B715-F49B637FEA7B}.Debug|Any CPU.ActiveCfg = Debug|Any CPU
		{7FA02D78-B46E-4D62-B715-F49B637FEA7B}.Debug|Any CPU.Build.0 = Debug|Any CPU
		{7FA02D78-B46E-4D62-B715-F49B637FEA7B}.Release|Any CPU.ActiveCfg = Release|Any CPU
		{7FA02D78-B46E-4D62-B715-F49B637FEA7B}.Release|Any CPU.Build.0 = Release|Any CPU
		{D29ECFB9-03FA-4446-BFD5-A48D911F4CE4}.Debug|Any CPU.ActiveCfg = Debug|Any CPU
		{D29ECFB9-03FA-4446-BFD5-A48D911F4CE4}.Debug|Any CPU.Build.0 = Debug|Any CPU
		{D29ECFB9-03FA-4446-BFD5-A48D911F4CE4}.Release|Any CPU.ActiveCfg = Release|Any CPU
		{D29ECFB9-03FA-4446-BFD5-A48D911F4CE4}.Release|Any CPU.Build.0 = Release|Any CPU
		{41127E6E-AC20-4B7E-964E-B4FAB380BBE3}.Debug|Any CPU.ActiveCfg = Debug|Any CPU
		{41127E6E-AC20-4B7E-964E-B4FAB380BBE3}.Debug|Any CPU.Build.0 = Debug|Any CPU
		{41127E6E-AC20-4B7E-964E-B4FAB380BBE3}.Release|Any CPU.ActiveCfg = Release|Any CPU
		{41127E6E-AC20-4B7E-964E-B4FAB380BBE3}.Release|Any CPU.Build.0 = Release|Any CPU
		{40E491DC-9F14-4DE5-9C7A-0F59F64FF8D3}.Debug|Any CPU.ActiveCfg = Debug|Any CPU
		{40E491DC-9F14-4DE5-9C7A-0F59F64FF8D3}.Debug|Any CPU.Build.0 = Debug|Any CPU
		{40E491DC-9F14-4DE5-9C7A-0F59F64FF8D3}.Release|Any CPU.ActiveCfg = Release|Any CPU
		{40E491DC-9F14-4DE5-9C7A-0F59F64FF8D3}.Release|Any CPU.Build.0 = Release|Any CPU
		{31A460EC-ECF3-4271-A0B7-A10F03FEEA40}.Debug|Any CPU.ActiveCfg = Debug|Any CPU
		{31A460EC-ECF3-4271-A0B7-A10F03FEEA40}.Debug|Any CPU.Build.0 = Debug|Any CPU
		{31A460EC-ECF3-4271-A0B7-A10F03FEEA40}.Release|Any CPU.ActiveCfg = Release|Any CPU
		{31A460EC-ECF3-4271-A0B7-A10F03FEEA40}.Release|Any CPU.Build.0 = Release|Any CPU
		{9E13A04E-38C2-475C-8543-017C61195C1B}.Debug|Any CPU.ActiveCfg = Debug|Any CPU
		{9E13A04E-38C2-475C-8543-017C61195C1B}.Debug|Any CPU.Build.0 = Debug|Any CPU
		{9E13A04E-38C2-475C-8543-017C61195C1B}.Release|Any CPU.ActiveCfg = Release|Any CPU
		{9E13A04E-38C2-475C-8543-017C61195C1B}.Release|Any CPU.Build.0 = Release|Any CPU
		{CC835191-D4B1-4698-8E49-7D285F7E0889}.Debug|Any CPU.ActiveCfg = Debug|Any CPU
		{CC835191-D4B1-4698-8E49-7D285F7E0889}.Debug|Any CPU.Build.0 = Debug|Any CPU
		{CC835191-D4B1-4698-8E49-7D285F7E0889}.Release|Any CPU.ActiveCfg = Release|Any CPU
		{CC835191-D4B1-4698-8E49-7D285F7E0889}.Release|Any CPU.Build.0 = Release|Any CPU
	EndGlobalSection
	GlobalSection(SolutionProperties) = preSolution
		HideSolutionNode = FALSE
	EndGlobalSection
	GlobalSection(NestedProjects) = preSolution
		{9E13A04E-38C2-475C-8543-017C61195C1B} = {FCDD3239-F358-4994-865E-BC1974E865CF}
	EndGlobalSection
EndGlobal
